
Microsoft Visual Studio Solution File, Format Version 12.00
# Visual Studio Version 16
VisualStudioVersion = 16.0.31105.61
MinimumVisualStudioVersion = 10.0.40219.1
Project("{FAE04EC0-301F-11D3-BF4B-00C04F79EFBC}") = "FunctionApp43", "FunctionApp43.csproj", "{EF7822E7-D653-4AFA-8374-AA30761B5DD4}"
EndProject
Global
	GlobalSection(SolutionConfigurationPlatforms) = preSolution
		Debug|Any CPU = Debug|Any CPU
		Release|Any CPU = Release|Any CPU
	EndGlobalSection
	GlobalSection(ProjectConfigurationPlatforms) = postSolution
		{EF7822E7-D653-4AFA-8374-AA30761B5DD4}.Debug|Any CPU.ActiveCfg = Debug|Any CPU
		{EF7822E7-D653-4AFA-8374-AA30761B5DD4}.Debug|Any CPU.Build.0 = Debug|Any CPU
		{EF7822E7-D653-4AFA-8374-AA30761B5DD4}.Release|Any CPU.ActiveCfg = Release|Any CPU
		{EF7822E7-D653-4AFA-8374-AA30761B5DD4}.Release|Any CPU.Build.0 = Release|Any CPU
	EndGlobalSection
	GlobalSection(SolutionProperties) = preSolution
		HideSolutionNode = FALSE
	EndGlobalSection
	GlobalSection(ExtensibilityGlobals) = postSolution
		SolutionGuid = {834F4DD7-CAC7-47A0-B629-A487E3C99ABB}
	EndGlobalSection
EndGlobal
